
Microsoft Visual Studio Solution File, Format Version 12.00
# Visual Studio Version 17
VisualStudioVersion = 17.5.33516.290
MinimumVisualStudioVersion = 10.0.40219.1
Project("{9A19103F-16F7-4668-BE54-9A1E7A4F7556}") = "00. Algorithm", "C# Algorithm\00. Algorithm.csproj", "{82F73CEF-AF8B-4C81-BB24-2A9B6A57342F}"
EndProject
Project("{9A19103F-16F7-4668-BE54-9A1E7A4F7556}") = "01. List", "01. List\01. List.csproj", "{95605932-9E5F-4E03-92DB-A77A53095C92}"
EndProject
Project("{2150E333-8FDC-42A3-9474-1A3956D46DE8}") = "HomeWork", "HomeWork", "{996FA497-EA90-4866-9FD1-5BAFF9B4529C}"
EndProject
Project("{9A19103F-16F7-4668-BE54-9A1E7A4F7556}") = "HomeWork", "HomeWork\HomeWork.csproj", "{78173CF9-2E02-4080-81F8-108101EA16D7}"
EndProject
Project("{9A19103F-16F7-4668-BE54-9A1E7A4F7556}") = "02. LinkedList", "02. LinkedList\02. LinkedList.csproj", "{DACE60D6-DE0D-4AD5-86E6-B5AABD0A4547}"
EndProject
Project("{9A19103F-16F7-4668-BE54-9A1E7A4F7556}") = "03. Iterator", "03. Iterator\03. Iterator.csproj", "{3377E8C2-A8E3-4272-B0BE-A062AB5A6F46}"
EndProject
Project("{9A19103F-16F7-4668-BE54-9A1E7A4F7556}") = "04. Stack", "04. Stack\04. Stack.csproj", "{683192C2-8565-42F7-9BFA-EB3845800DF6}"
EndProject
Project("{9A19103F-16F7-4668-BE54-9A1E7A4F7556}") = "05. Queue", "05. Queue\05. Queue.csproj", "{D6B4CCCE-F672-4B79-A89B-95A2FC14C77E}"
EndProject
Project("{9A19103F-16F7-4668-BE54-9A1E7A4F7556}") = "06. Heap", "06. Heap\06. Heap.csproj", "{E03ECD74-4A8B-48E4-BA50-B6C08DC6EBD5}"
EndProject
Project("{2150E333-8FDC-42A3-9474-1A3956D46DE8}") = "StudyContents", "StudyContents", "{A044A5A5-9029-460F-96CD-CBE009CE0964}"
EndProject
Project("{2150E333-8FDC-42A3-9474-1A3956D46DE8}") = "07. BinarySearchTree", "07. BinarySearchTree", "{786828AB-C64D-48F7-A7E7-0A50D4A66422}"
	ProjectSection(SolutionItems) = preProject
		HomeWork\BinarySearchTree.cs = HomeWork\BinarySearchTree.cs
		HomeWork\이진탐색트리의 한계점과 극복방법.txt = HomeWork\이진탐색트리의 한계점과 극복방법.txt
	EndProjectSection
EndProject
Project("{9A19103F-16F7-4668-BE54-9A1E7A4F7556}") = "07. BinarySearchTree", "07.BinarySearchTree\07. BinarySearchTree.csproj", "{0992FDF7-E041-457E-946F-7D5AE847A036}"
EndProject
Project("{9A19103F-16F7-4668-BE54-9A1E7A4F7556}") = "08. HashTable", "08. HashTable\08. HashTable.csproj", "{54FEEFAF-0997-485F-94A8-FF9A9F908A06}"
EndProject
Project("{2150E333-8FDC-42A3-9474-1A3956D46DE8}") = "08. HeshTable", "08. HeshTable", "{2E715E9D-041E-4139-A597-EEC83B08947E}"
	ProjectSection(SolutionItems) = preProject
		HomeWork\08. HeshTable.cs = HomeWork\08. HeshTable.cs
		HomeWork\08. 해싱과 해시함.txt = HomeWork\08. 해싱과 해시함.txt
	EndProjectSection
EndProject
Project("{9A19103F-16F7-4668-BE54-9A1E7A4F7556}") = "09. DesignTechnique", "09. DesignTechnique\09. DesignTechnique.csproj", "{C2C24DA2-4885-48AF-B8C6-2BEF9E8D837F}"
EndProject
Project("{2150E333-8FDC-42A3-9474-1A3956D46DE8}") = "09. DesignTechnique", "09. DesignTechnique", "{515D4288-5766-4242-BE9B-7F46AA3CD826}"
	ProjectSection(SolutionItems) = preProject
		HomeWork\09. Greedy.cs = HomeWork\09. Greedy.cs
		HomeWork\09. Hanoi.cs = HomeWork\09. Hanoi.cs
		HomeWork\09. N과 M.cs = HomeWork\09. N과 M.cs
	EndProjectSection
EndProject
Project("{9A19103F-16F7-4668-BE54-9A1E7A4F7556}") = "10. Sort", "10. Sort\10. Sort.csproj", "{94529DDF-8D7F-426A-BBA0-E46738B52D78}"
EndProject
Project("{2150E333-8FDC-42A3-9474-1A3956D46DE8}") = "10. Divide&Sorting-Algorithm", "10. Divide&Sorting-Algorithm", "{65864C4A-F240-419F-A781-8C948A4B8F85}"
	ProjectSection(SolutionItems) = preProject
		HomeWork\10. Algorithm.txt = HomeWork\10. Algorithm.txt
		HomeWork\10. DivideAndConquer.cs = HomeWork\10. DivideAndConquer.cs
		HomeWork\10. LinearSortingAlgorithm.cs = HomeWork\10. LinearSortingAlgorithm.cs
	EndProjectSection
EndProject
Project("{9A19103F-16F7-4668-BE54-9A1E7A4F7556}") = "11. Searching", "11. Searching\11. Searching.csproj", "{5B4D07A7-831E-4782-9F65-4B3D595DE6BA}"
EndProject
Project("{9A19103F-16F7-4668-BE54-9A1E7A4F7556}") = "12. ShortestPath", "12. ShortestPath\12. ShortestPath.csproj", "{181275CA-3EF8-4C11-BE03-D608EAF1DC43}"
EndProject
Project("{2150E333-8FDC-42A3-9474-1A3956D46DE8}") = "12. DijkstraShortestPath", "12. DijkstraShortestPath", "{50B37124-1316-4B10-ABFB-0353048EA4E3}"
	ProjectSection(SolutionItems) = preProject
		HomeWork\12. ShortestPath.cs = HomeWork\12. ShortestPath.cs
		HomeWork\DijkstraShortestPath.txt = HomeWork\DijkstraShortestPath.txt
		HomeWork\제목 없음.png = HomeWork\제목 없음.png
	EndProjectSection
EndProject
Project("{9A19103F-16F7-4668-BE54-9A1E7A4F7556}") = "13. PathFinding", "13. PathFinding\13. PathFinding.csproj", "{1BC49B33-4A83-498E-AD23-D725D6125AD1}"
EndProject
Project("{2150E333-8FDC-42A3-9474-1A3956D46DE8}") = "13. PathFinding", "13. PathFinding", "{CE4D22EB-0EFE-40AE-B751-AFCEF672D956}"
	ProjectSection(SolutionItems) = preProject
		HomeWork\스크린샷 2023-05-04 102844.png = HomeWork\스크린샷 2023-05-04 102844.png
		HomeWork\스크린샷 2023-05-04 102955.png = HomeWork\스크린샷 2023-05-04 102955.png
	EndProjectSection
EndProject
Project("{9A19103F-16F7-4668-BE54-9A1E7A4F7556}") = "project TextRPG", "project TextRPG\project TextRPG.csproj", "{6FD40E9F-A0A7-4C90-8ABB-992A5A6DC383}"
EndProject
Project("{FAE04EC0-301F-11D3-BF4B-00C04F79EFBC}") = "projectTextRPG1", "projectTextRPG1\projectTextRPG1.csproj", "{D526DE3F-1B46-40F6-86E0-03487FA36DA4}"
EndProject
Global
	GlobalSection(SolutionConfigurationPlatforms) = preSolution
		Debug|Any CPU = Debug|Any CPU
		Release|Any CPU = Release|Any CPU
	EndGlobalSection
	GlobalSection(ProjectConfigurationPlatforms) = postSolution
		{82F73CEF-AF8B-4C81-BB24-2A9B6A57342F}.Debug|Any CPU.ActiveCfg = Debug|Any CPU
		{82F73CEF-AF8B-4C81-BB24-2A9B6A57342F}.Debug|Any CPU.Build.0 = Debug|Any CPU
		{82F73CEF-AF8B-4C81-BB24-2A9B6A57342F}.Release|Any CPU.ActiveCfg = Release|Any CPU
		{82F73CEF-AF8B-4C81-BB24-2A9B6A57342F}.Release|Any CPU.Build.0 = Release|Any CPU
		{95605932-9E5F-4E03-92DB-A77A53095C92}.Debug|Any CPU.ActiveCfg = Debug|Any CPU
		{95605932-9E5F-4E03-92DB-A77A53095C92}.Debug|Any CPU.Build.0 = Debug|Any CPU
		{95605932-9E5F-4E03-92DB-A77A53095C92}.Release|Any CPU.ActiveCfg = Release|Any CPU
		{95605932-9E5F-4E03-92DB-A77A53095C92}.Release|Any CPU.Build.0 = Release|Any CPU
		{78173CF9-2E02-4080-81F8-108101EA16D7}.Debug|Any CPU.ActiveCfg = Debug|Any CPU
		{78173CF9-2E02-4080-81F8-108101EA16D7}.Debug|Any CPU.Build.0 = Debug|Any CPU
		{78173CF9-2E02-4080-81F8-108101EA16D7}.Release|Any CPU.ActiveCfg = Release|Any CPU
		{78173CF9-2E02-4080-81F8-108101EA16D7}.Release|Any CPU.Build.0 = Release|Any CPU
		{DACE60D6-DE0D-4AD5-86E6-B5AABD0A4547}.Debug|Any CPU.ActiveCfg = Debug|Any CPU
		{DACE60D6-DE0D-4AD5-86E6-B5AABD0A4547}.Debug|Any CPU.Build.0 = Debug|Any CPU
		{DACE60D6-DE0D-4AD5-86E6-B5AABD0A4547}.Release|Any CPU.ActiveCfg = Release|Any CPU
		{DACE60D6-DE0D-4AD5-86E6-B5AABD0A4547}.Release|Any CPU.Build.0 = Release|Any CPU
		{3377E8C2-A8E3-4272-B0BE-A062AB5A6F46}.Debug|Any CPU.ActiveCfg = Debug|Any CPU
		{3377E8C2-A8E3-4272-B0BE-A062AB5A6F46}.Debug|Any CPU.Build.0 = Debug|Any CPU
		{3377E8C2-A8E3-4272-B0BE-A062AB5A6F46}.Release|Any CPU.ActiveCfg = Release|Any CPU
		{3377E8C2-A8E3-4272-B0BE-A062AB5A6F46}.Release|Any CPU.Build.0 = Release|Any CPU
		{683192C2-8565-42F7-9BFA-EB3845800DF6}.Debug|Any CPU.ActiveCfg = Debug|Any CPU
		{683192C2-8565-42F7-9BFA-EB3845800DF6}.Debug|Any CPU.Build.0 = Debug|Any CPU
		{683192C2-8565-42F7-9BFA-EB3845800DF6}.Release|Any CPU.ActiveCfg = Release|Any CPU
		{683192C2-8565-42F7-9BFA-EB3845800DF6}.Release|Any CPU.Build.0 = Release|Any CPU
		{D6B4CCCE-F672-4B79-A89B-95A2FC14C77E}.Debug|Any CPU.ActiveCfg = Debug|Any CPU
		{D6B4CCCE-F672-4B79-A89B-95A2FC14C77E}.Debug|Any CPU.Build.0 = Debug|Any CPU
		{D6B4CCCE-F672-4B79-A89B-95A2FC14C77E}.Release|Any CPU.ActiveCfg = Release|Any CPU
		{D6B4CCCE-F672-4B79-A89B-95A2FC14C77E}.Release|Any CPU.Build.0 = Release|Any CPU
		{E03ECD74-4A8B-48E4-BA50-B6C08DC6EBD5}.Debug|Any CPU.ActiveCfg = Debug|Any CPU
		{E03ECD74-4A8B-48E4-BA50-B6C08DC6EBD5}.Debug|Any CPU.Build.0 = Debug|Any CPU
		{E03ECD74-4A8B-48E4-BA50-B6C08DC6EBD5}.Release|Any CPU.ActiveCfg = Release|Any CPU
		{E03ECD74-4A8B-48E4-BA50-B6C08DC6EBD5}.Release|Any CPU.Build.0 = Release|Any CPU
		{0992FDF7-E041-457E-946F-7D5AE847A036}.Debug|Any CPU.ActiveCfg = Debug|Any CPU
		{0992FDF7-E041-457E-946F-7D5AE847A036}.Debug|Any CPU.Build.0 = Debug|Any CPU
		{0992FDF7-E041-457E-946F-7D5AE847A036}.Release|Any CPU.ActiveCfg = Release|Any CPU
		{0992FDF7-E041-457E-946F-7D5AE847A036}.Release|Any CPU.Build.0 = Release|Any CPU
		{54FEEFAF-0997-485F-94A8-FF9A9F908A06}.Debug|Any CPU.ActiveCfg = Debug|Any CPU
		{54FEEFAF-0997-485F-94A8-FF9A9F908A06}.Debug|Any CPU.Build.0 = Debug|Any CPU
		{54FEEFAF-0997-485F-94A8-FF9A9F908A06}.Release|Any CPU.ActiveCfg = Release|Any CPU
		{54FEEFAF-0997-485F-94A8-FF9A9F908A06}.Release|Any CPU.Build.0 = Release|Any CPU
		{C2C24DA2-4885-48AF-B8C6-2BEF9E8D837F}.Debug|Any CPU.ActiveCfg = Debug|Any CPU
		{C2C24DA2-4885-48AF-B8C6-2BEF9E8D837F}.Debug|Any CPU.Build.0 = Debug|Any CPU
		{C2C24DA2-4885-48AF-B8C6-2BEF9E8D837F}.Release|Any CPU.ActiveCfg = Release|Any CPU
		{C2C24DA2-4885-48AF-B8C6-2BEF9E8D837F}.Release|Any CPU.Build.0 = Release|Any CPU
		{94529DDF-8D7F-426A-BBA0-E46738B52D78}.Debug|Any CPU.ActiveCfg = Debug|Any CPU
		{94529DDF-8D7F-426A-BBA0-E46738B52D78}.Debug|Any CPU.Build.0 = Debug|Any CPU
		{94529DDF-8D7F-426A-BBA0-E46738B52D78}.Release|Any CPU.ActiveCfg = Release|Any CPU
		{94529DDF-8D7F-426A-BBA0-E46738B52D78}.Release|Any CPU.Build.0 = Release|Any CPU
		{5B4D07A7-831E-4782-9F65-4B3D595DE6BA}.Debug|Any CPU.ActiveCfg = Debug|Any CPU
		{5B4D07A7-831E-4782-9F65-4B3D595DE6BA}.Debug|Any CPU.Build.0 = Debug|Any CPU
		{5B4D07A7-831E-4782-9F65-4B3D595DE6BA}.Release|Any CPU.ActiveCfg = Release|Any CPU
		{5B4D07A7-831E-4782-9F65-4B3D595DE6BA}.Release|Any CPU.Build.0 = Release|Any CPU
		{181275CA-3EF8-4C11-BE03-D608EAF1DC43}.Debug|Any CPU.ActiveCfg = Debug|Any CPU
		{181275CA-3EF8-4C11-BE03-D608EAF1DC43}.Debug|Any CPU.Build.0 = Debug|Any CPU
		{181275CA-3EF8-4C11-BE03-D608EAF1DC43}.Release|Any CPU.ActiveCfg = Release|Any CPU
		{181275CA-3EF8-4C11-BE03-D608EAF1DC43}.Release|Any CPU.Build.0 = Release|Any CPU
		{1BC49B33-4A83-498E-AD23-D725D6125AD1}.Debug|Any CPU.ActiveCfg = Debug|Any CPU
		{1BC49B33-4A83-498E-AD23-D725D6125AD1}.Debug|Any CPU.Build.0 = Debug|Any CPU
		{1BC49B33-4A83-498E-AD23-D725D6125AD1}.Release|Any CPU.ActiveCfg = Release|Any CPU
		{1BC49B33-4A83-498E-AD23-D725D6125AD1}.Release|Any CPU.Build.0 = Release|Any CPU
		{6FD40E9F-A0A7-4C90-8ABB-992A5A6DC383}.Debug|Any CPU.ActiveCfg = Debug|Any CPU
		{6FD40E9F-A0A7-4C90-8ABB-992A5A6DC383}.Debug|Any CPU.Build.0 = Debug|Any CPU
		{6FD40E9F-A0A7-4C90-8ABB-992A5A6DC383}.Release|Any CPU.ActiveCfg = Release|Any CPU
		{6FD40E9F-A0A7-4C90-8ABB-992A5A6DC383}.Release|Any CPU.Build.0 = Release|Any CPU
		{D526DE3F-1B46-40F6-86E0-03487FA36DA4}.Debug|Any CPU.ActiveCfg = Debug|Any CPU
		{D526DE3F-1B46-40F6-86E0-03487FA36DA4}.Debug|Any CPU.Build.0 = Debug|Any CPU
		{D526DE3F-1B46-40F6-86E0-03487FA36DA4}.Release|Any CPU.ActiveCfg = Release|Any CPU
		{D526DE3F-1B46-40F6-86E0-03487FA36DA4}.Release|Any CPU.Build.0 = Release|Any CPU
	EndGlobalSection
	GlobalSection(SolutionProperties) = preSolution
		HideSolutionNode = FALSE
	EndGlobalSection
	GlobalSection(NestedProjects) = preSolution
		{82F73CEF-AF8B-4C81-BB24-2A9B6A57342F} = {A044A5A5-9029-460F-96CD-CBE009CE0964}
		{95605932-9E5F-4E03-92DB-A77A53095C92} = {A044A5A5-9029-460F-96CD-CBE009CE0964}
		{78173CF9-2E02-4080-81F8-108101EA16D7} = {996FA497-EA90-4866-9FD1-5BAFF9B4529C}
		{DACE60D6-DE0D-4AD5-86E6-B5AABD0A4547} = {A044A5A5-9029-460F-96CD-CBE009CE0964}
		{3377E8C2-A8E3-4272-B0BE-A062AB5A6F46} = {A044A5A5-9029-460F-96CD-CBE009CE0964}
		{683192C2-8565-42F7-9BFA-EB3845800DF6} = {A044A5A5-9029-460F-96CD-CBE009CE0964}
		{D6B4CCCE-F672-4B79-A89B-95A2FC14C77E} = {A044A5A5-9029-460F-96CD-CBE009CE0964}
		{E03ECD74-4A8B-48E4-BA50-B6C08DC6EBD5} = {A044A5A5-9029-460F-96CD-CBE009CE0964}
		{786828AB-C64D-48F7-A7E7-0A50D4A66422} = {996FA497-EA90-4866-9FD1-5BAFF9B4529C}
		{0992FDF7-E041-457E-946F-7D5AE847A036} = {A044A5A5-9029-460F-96CD-CBE009CE0964}
		{54FEEFAF-0997-485F-94A8-FF9A9F908A06} = {A044A5A5-9029-460F-96CD-CBE009CE0964}
		{2E715E9D-041E-4139-A597-EEC83B08947E} = {996FA497-EA90-4866-9FD1-5BAFF9B4529C}
		{C2C24DA2-4885-48AF-B8C6-2BEF9E8D837F} = {A044A5A5-9029-460F-96CD-CBE009CE0964}
		{515D4288-5766-4242-BE9B-7F46AA3CD826} = {996FA497-EA90-4866-9FD1-5BAFF9B4529C}
		{94529DDF-8D7F-426A-BBA0-E46738B52D78} = {A044A5A5-9029-460F-96CD-CBE009CE0964}
		{65864C4A-F240-419F-A781-8C948A4B8F85} = {996FA497-EA90-4866-9FD1-5BAFF9B4529C}
		{5B4D07A7-831E-4782-9F65-4B3D595DE6BA} = {A044A5A5-9029-460F-96CD-CBE009CE0964}
		{181275CA-3EF8-4C11-BE03-D608EAF1DC43} = {A044A5A5-9029-460F-96CD-CBE009CE0964}
		{50B37124-1316-4B10-ABFB-0353048EA4E3} = {996FA497-EA90-4866-9FD1-5BAFF9B4529C}
		{1BC49B33-4A83-498E-AD23-D725D6125AD1} = {A044A5A5-9029-460F-96CD-CBE009CE0964}
		{CE4D22EB-0EFE-40AE-B751-AFCEF672D956} = {996FA497-EA90-4866-9FD1-5BAFF9B4529C}
		{6FD40E9F-A0A7-4C90-8ABB-992A5A6DC383} = {A044A5A5-9029-460F-96CD-CBE009CE0964}
		{D526DE3F-1B46-40F6-86E0-03487FA36DA4} = {996FA497-EA90-4866-9FD1-5BAFF9B4529C}
	EndGlobalSection
	GlobalSection(ExtensibilityGlobals) = postSolution
		SolutionGuid = {F6837CE1-1347-4004-BCBA-84856C297AE0}
	EndGlobalSection
EndGlobal
